
Microsoft Visual Studio Solution File, Format Version 12.00
# Visual Studio Version 17
VisualStudioVersion = 17.10.35122.118
MinimumVisualStudioVersion = 10.0.40219.1
Project("{FAE04EC0-301F-11D3-BF4B-00C04F79EFBC}") = "MathOperationApp", "MathOperationApp\MathOperationApp.csproj", "{42622DD1-6D58-4E8C-9F35-4326E98F3BB1}"
EndProject
Global
	GlobalSection(SolutionConfigurationPlatforms) = preSolution
		Debug|Any CPU = Debug|Any CPU
		Release|Any CPU = Release|Any CPU
	EndGlobalSection
	GlobalSection(ProjectConfigurationPlatforms) = postSolution
		{42622DD1-6D58-4E8C-9F35-4326E98F3BB1}.Debug|Any CPU.ActiveCfg = Debug|Any CPU
		{42622DD1-6D58-4E8C-9F35-4326E98F3BB1}.Debug|Any CPU.Build.0 = Debug|Any CPU
		{42622DD1-6D58-4E8C-9F35-4326E98F3BB1}.Release|Any CPU.ActiveCfg = Release|Any CPU
		{42622DD1-6D58-4E8C-9F35-4326E98F3BB1}.Release|Any CPU.Build.0 = Release|Any CPU
	EndGlobalSection
	GlobalSection(SolutionProperties) = preSolution
		HideSolutionNode = FALSE
	EndGlobalSection
	GlobalSection(ExtensibilityGlobals) = postSolution
		SolutionGuid = {72E831E2-4514-41C5-9785-8F7C1B541BFA}
	EndGlobalSection
EndGlobal
